// !$*UTF8*$!
{
	archiveVersion = 1;
	classes = {
	};
	objectVersion = 56;
	objects = {

/* Begin PBXBuildFile section */
		4023E2112A81EB3A001F1669 /* DIExampleApp.swift in Sources */ = {isa = PBXBuildFile; fileRef = 4023E2102A81EB3A001F1669 /* DIExampleApp.swift */; };
		4023E2132A81EB3A001F1669 /* ContentView.swift in Sources */ = {isa = PBXBuildFile; fileRef = 4023E2122A81EB3A001F1669 /* ContentView.swift */; };
		4023E2152A81EB3B001F1669 /* Assets.xcassets in Resources */ = {isa = PBXBuildFile; fileRef = 4023E2142A81EB3B001F1669 /* Assets.xcassets */; };
		4023E2182A81EB3B001F1669 /* Preview Assets.xcassets in Resources */ = {isa = PBXBuildFile; fileRef = 4023E2172A81EB3B001F1669 /* Preview Assets.xcassets */; };
		4023E23C2A820CDA001F1669 /* Swinject in Frameworks */ = {isa = PBXBuildFile; productRef = 4023E23B2A820CDA001F1669 /* Swinject */; };
		4023E23F2A8213C0001F1669 /* NeedleFoundation in Frameworks */ = {isa = PBXBuildFile; productRef = 4023E23E2A8213C0001F1669 /* NeedleFoundation */; };
		4023E2442A82180F001F1669 /* FooRepository.swift in Sources */ = {isa = PBXBuildFile; fileRef = 4023E2432A82180F001F1669 /* FooRepository.swift */; };
		4023E2482A8218BB001F1669 /* SimpleUseCase.swift in Sources */ = {isa = PBXBuildFile; fileRef = 4023E2472A8218BB001F1669 /* SimpleUseCase.swift */; };
		4023E24A2A8219BE001F1669 /* FooUseCase.swift in Sources */ = {isa = PBXBuildFile; fileRef = 4023E2492A8219BE001F1669 /* FooUseCase.swift */; };
		4023E24C2A821A4C001F1669 /* SwinjectUseCase.swift in Sources */ = {isa = PBXBuildFile; fileRef = 4023E24B2A821A4C001F1669 /* SwinjectUseCase.swift */; };
		4023E2502A821F16001F1669 /* AppDelegate.swift in Sources */ = {isa = PBXBuildFile; fileRef = 4023E24F2A821F16001F1669 /* AppDelegate.swift */; };
		4023E25A2A822384001F1669 /* ExtensionUseCase.swift in Sources */ = {isa = PBXBuildFile; fileRef = 4023E2592A822384001F1669 /* ExtensionUseCase.swift */; };
		4023E25C2A8223F2001F1669 /* ExtensionContainer.swift in Sources */ = {isa = PBXBuildFile; fileRef = 4023E25B2A8223F2001F1669 /* ExtensionContainer.swift */; };
		4023E25E2A822515001F1669 /* SimpleContainer.swift in Sources */ = {isa = PBXBuildFile; fileRef = 4023E25D2A822515001F1669 /* SimpleContainer.swift */; };
		4023E2602A822673001F1669 /* ExtensionInjector.swift in Sources */ = {isa = PBXBuildFile; fileRef = 4023E25F2A822673001F1669 /* ExtensionInjector.swift */; };
		4023E2632A822C19001F1669 /* NeedleUseCase.swift in Sources */ = {isa = PBXBuildFile; fileRef = 4023E2622A822C19001F1669 /* NeedleUseCase.swift */; };
		4023E2652A822DCE001F1669 /* NeedleDependency.swift in Sources */ = {isa = PBXBuildFile; fileRef = 4023E2642A822DCE001F1669 /* NeedleDependency.swift */; };
		4023E2682A8231FA001F1669 /* NeedleGenerated.swift in Sources */ = {isa = PBXBuildFile; fileRef = 4023E2672A8231FA001F1669 /* NeedleGenerated.swift */; };
		4023E26A2A823454001F1669 /* NeedleComponent.swift in Sources */ = {isa = PBXBuildFile; fileRef = 4023E2692A823454001F1669 /* NeedleComponent.swift */; };
		4092270F2A828127008B14F9 /* SimpleDependency.swift in Sources */ = {isa = PBXBuildFile; fileRef = 4092270E2A828127008B14F9 /* SimpleDependency.swift */; };
		409227112A8284C1008B14F9 /* SwinjectDependency.swift in Sources */ = {isa = PBXBuildFile; fileRef = 409227102A8284C1008B14F9 /* SwinjectDependency.swift */; };
		409227132A8285AD008B14F9 /* ExtensionDependency.swift in Sources */ = {isa = PBXBuildFile; fileRef = 409227122A8285AD008B14F9 /* ExtensionDependency.swift */; };
		409227172A836CC8008B14F9 /* SimpleTests.swift in Sources */ = {isa = PBXBuildFile; fileRef = 409227162A836CC8008B14F9 /* SimpleTests.swift */; };
		409227192A836D64008B14F9 /* SwinjectTests.swift in Sources */ = {isa = PBXBuildFile; fileRef = 409227182A836D64008B14F9 /* SwinjectTests.swift */; };
		4092271E2A83704F008B14F9 /* SwiftLeeContainer.swift in Sources */ = {isa = PBXBuildFile; fileRef = 4092271D2A83704F008B14F9 /* SwiftLeeContainer.swift */; };
		409227202A8370B3008B14F9 /* SwiftLeeInjector.swift in Sources */ = {isa = PBXBuildFile; fileRef = 4092271F2A8370B3008B14F9 /* SwiftLeeInjector.swift */; };
		409227242A83719A008B14F9 /* SwiftLeeDependency.swift in Sources */ = {isa = PBXBuildFile; fileRef = 409227232A83719A008B14F9 /* SwiftLeeDependency.swift */; };
		409227262A83740F008B14F9 /* SwiftLeeUseCase.swift in Sources */ = {isa = PBXBuildFile; fileRef = 409227252A83740F008B14F9 /* SwiftLeeUseCase.swift */; };
		4092272B2A83764B008B14F9 /* CustomLeeContainer.swift in Sources */ = {isa = PBXBuildFile; fileRef = 4092272A2A83764B008B14F9 /* CustomLeeContainer.swift */; };
		4092272D2A837AD1008B14F9 /* CustomLeeInjector.swift in Sources */ = {isa = PBXBuildFile; fileRef = 4092272C2A837AD1008B14F9 /* CustomLeeInjector.swift */; };
		4092272F2A837B44008B14F9 /* CustomLeeDependency.swift in Sources */ = {isa = PBXBuildFile; fileRef = 4092272E2A837B44008B14F9 /* CustomLeeDependency.swift */; };
		409227312A837EC8008B14F9 /* CustomLeeUseCase.swift in Sources */ = {isa = PBXBuildFile; fileRef = 409227302A837EC8008B14F9 /* CustomLeeUseCase.swift */; };
		409227332A83815A008B14F9 /* SwinjectContainer.swift in Sources */ = {isa = PBXBuildFile; fileRef = 409227322A83815A008B14F9 /* SwinjectContainer.swift */; };
		409227352A83876F008B14F9 /* SwiftLeeTests.swift in Sources */ = {isa = PBXBuildFile; fileRef = 409227342A83876F008B14F9 /* SwiftLeeTests.swift */; };
		409227372A838817008B14F9 /* CustomLeeTests.swift in Sources */ = {isa = PBXBuildFile; fileRef = 409227362A838817008B14F9 /* CustomLeeTests.swift */; };
		409227392A8388CD008B14F9 /* ExtensionTests.swift in Sources */ = {isa = PBXBuildFile; fileRef = 409227382A8388CD008B14F9 /* ExtensionTests.swift */; };
		4092273B2A8389CC008B14F9 /* NeedleTests.swift in Sources */ = {isa = PBXBuildFile; fileRef = 4092273A2A8389CC008B14F9 /* NeedleTests.swift */; };
		4092273D2A838AD9008B14F9 /* NeedleMockComponent.swift in Sources */ = {isa = PBXBuildFile; fileRef = 4092273C2A838AD9008B14F9 /* NeedleMockComponent.swift */; };
		40F63C7B2A8F41640066813E /* BastardUseCase.swift in Sources */ = {isa = PBXBuildFile; fileRef = 40F63C7A2A8F41640066813E /* BastardUseCase.swift */; };
		40F63C7D2A8F41BE0066813E /* BastardTests.swift in Sources */ = {isa = PBXBuildFile; fileRef = 40F63C7C2A8F41BE0066813E /* BastardTests.swift */; };
/* End PBXBuildFile section */

/* Begin PBXContainerItemProxy section */
		4023E21E2A81EB3C001F1669 /* PBXContainerItemProxy */ = {
			isa = PBXContainerItemProxy;
			containerPortal = 4023E2052A81EB3A001F1669 /* Project object */;
			proxyType = 1;
			remoteGlobalIDString = 4023E20C2A81EB3A001F1669;
			remoteInfo = DIExample;
		};
/* End PBXContainerItemProxy section */

/* Begin PBXFileReference section */
		4023E20D2A81EB3A001F1669 /* DIExample.app */ = {isa = PBXFileReference; explicitFileType = wrapper.application; includeInIndex = 0; path = DIExample.app; sourceTree = BUILT_PRODUCTS_DIR; };
		4023E2102A81EB3A001F1669 /* DIExampleApp.swift */ = {isa = PBXFileReference; lastKnownFileType = sourcecode.swift; path = DIExampleApp.swift; sourceTree = "<group>"; };
		4023E2122A81EB3A001F1669 /* ContentView.swift */ = {isa = PBXFileReference; lastKnownFileType = sourcecode.swift; path = ContentView.swift; sourceTree = "<group>"; };
		4023E2142A81EB3B001F1669 /* Assets.xcassets */ = {isa = PBXFileReference; lastKnownFileType = folder.assetcatalog; path = Assets.xcassets; sourceTree = "<group>"; };
		4023E2172A81EB3B001F1669 /* Preview Assets.xcassets */ = {isa = PBXFileReference; lastKnownFileType = folder.assetcatalog; path = "Preview Assets.xcassets"; sourceTree = "<group>"; };
		4023E21D2A81EB3C001F1669 /* DIExampleTests.xctest */ = {isa = PBXFileReference; explicitFileType = wrapper.cfbundle; includeInIndex = 0; path = DIExampleTests.xctest; sourceTree = BUILT_PRODUCTS_DIR; };
		4023E2432A82180F001F1669 /* FooRepository.swift */ = {isa = PBXFileReference; lastKnownFileType = sourcecode.swift; path = FooRepository.swift; sourceTree = "<group>"; };
		4023E2472A8218BB001F1669 /* SimpleUseCase.swift */ = {isa = PBXFileReference; lastKnownFileType = sourcecode.swift; path = SimpleUseCase.swift; sourceTree = "<group>"; };
		4023E2492A8219BE001F1669 /* FooUseCase.swift */ = {isa = PBXFileReference; lastKnownFileType = sourcecode.swift; path = FooUseCase.swift; sourceTree = "<group>"; };
		4023E24B2A821A4C001F1669 /* SwinjectUseCase.swift */ = {isa = PBXFileReference; lastKnownFileType = sourcecode.swift; path = SwinjectUseCase.swift; sourceTree = "<group>"; };
		4023E24F2A821F16001F1669 /* AppDelegate.swift */ = {isa = PBXFileReference; lastKnownFileType = sourcecode.swift; path = AppDelegate.swift; sourceTree = "<group>"; };
		4023E2592A822384001F1669 /* ExtensionUseCase.swift */ = {isa = PBXFileReference; lastKnownFileType = sourcecode.swift; path = ExtensionUseCase.swift; sourceTree = "<group>"; };
		4023E25B2A8223F2001F1669 /* ExtensionContainer.swift */ = {isa = PBXFileReference; lastKnownFileType = sourcecode.swift; path = ExtensionContainer.swift; sourceTree = "<group>"; };
		4023E25D2A822515001F1669 /* SimpleContainer.swift */ = {isa = PBXFileReference; lastKnownFileType = sourcecode.swift; path = SimpleContainer.swift; sourceTree = "<group>"; };
		4023E25F2A822673001F1669 /* ExtensionInjector.swift */ = {isa = PBXFileReference; lastKnownFileType = sourcecode.swift; path = ExtensionInjector.swift; sourceTree = "<group>"; };
		4023E2612A8229C0001F1669 /* Info.plist */ = {isa = PBXFileReference; lastKnownFileType = text.plist; path = Info.plist; sourceTree = "<group>"; };
		4023E2622A822C19001F1669 /* NeedleUseCase.swift */ = {isa = PBXFileReference; lastKnownFileType = sourcecode.swift; path = NeedleUseCase.swift; sourceTree = "<group>"; };
		4023E2642A822DCE001F1669 /* NeedleDependency.swift */ = {isa = PBXFileReference; lastKnownFileType = sourcecode.swift; path = NeedleDependency.swift; sourceTree = "<group>"; };
		4023E2672A8231FA001F1669 /* NeedleGenerated.swift */ = {isa = PBXFileReference; fileEncoding = 4; lastKnownFileType = sourcecode.swift; path = NeedleGenerated.swift; sourceTree = "<group>"; };
		4023E2692A823454001F1669 /* NeedleComponent.swift */ = {isa = PBXFileReference; lastKnownFileType = sourcecode.swift; path = NeedleComponent.swift; sourceTree = "<group>"; };
		4092270E2A828127008B14F9 /* SimpleDependency.swift */ = {isa = PBXFileReference; lastKnownFileType = sourcecode.swift; path = SimpleDependency.swift; sourceTree = "<group>"; };
		409227102A8284C1008B14F9 /* SwinjectDependency.swift */ = {isa = PBXFileReference; lastKnownFileType = sourcecode.swift; path = SwinjectDependency.swift; sourceTree = "<group>"; };
		409227122A8285AD008B14F9 /* ExtensionDependency.swift */ = {isa = PBXFileReference; lastKnownFileType = sourcecode.swift; path = ExtensionDependency.swift; sourceTree = "<group>"; };
		409227162A836CC8008B14F9 /* SimpleTests.swift */ = {isa = PBXFileReference; lastKnownFileType = sourcecode.swift; path = SimpleTests.swift; sourceTree = "<group>"; };
		409227182A836D64008B14F9 /* SwinjectTests.swift */ = {isa = PBXFileReference; lastKnownFileType = sourcecode.swift; path = SwinjectTests.swift; sourceTree = "<group>"; };
		4092271D2A83704F008B14F9 /* SwiftLeeContainer.swift */ = {isa = PBXFileReference; lastKnownFileType = sourcecode.swift; path = SwiftLeeContainer.swift; sourceTree = "<group>"; };
		4092271F2A8370B3008B14F9 /* SwiftLeeInjector.swift */ = {isa = PBXFileReference; lastKnownFileType = sourcecode.swift; path = SwiftLeeInjector.swift; sourceTree = "<group>"; };
		409227232A83719A008B14F9 /* SwiftLeeDependency.swift */ = {isa = PBXFileReference; lastKnownFileType = sourcecode.swift; path = SwiftLeeDependency.swift; sourceTree = "<group>"; };
		409227252A83740F008B14F9 /* SwiftLeeUseCase.swift */ = {isa = PBXFileReference; lastKnownFileType = sourcecode.swift; path = SwiftLeeUseCase.swift; sourceTree = "<group>"; };
		4092272A2A83764B008B14F9 /* CustomLeeContainer.swift */ = {isa = PBXFileReference; lastKnownFileType = sourcecode.swift; path = CustomLeeContainer.swift; sourceTree = "<group>"; };
		4092272C2A837AD1008B14F9 /* CustomLeeInjector.swift */ = {isa = PBXFileReference; lastKnownFileType = sourcecode.swift; path = CustomLeeInjector.swift; sourceTree = "<group>"; };
		4092272E2A837B44008B14F9 /* CustomLeeDependency.swift */ = {isa = PBXFileReference; lastKnownFileType = sourcecode.swift; path = CustomLeeDependency.swift; sourceTree = "<group>"; };
		409227302A837EC8008B14F9 /* CustomLeeUseCase.swift */ = {isa = PBXFileReference; lastKnownFileType = sourcecode.swift; path = CustomLeeUseCase.swift; sourceTree = "<group>"; };
		409227322A83815A008B14F9 /* SwinjectContainer.swift */ = {isa = PBXFileReference; lastKnownFileType = sourcecode.swift; path = SwinjectContainer.swift; sourceTree = "<group>"; };
		409227342A83876F008B14F9 /* SwiftLeeTests.swift */ = {isa = PBXFileReference; lastKnownFileType = sourcecode.swift; path = SwiftLeeTests.swift; sourceTree = "<group>"; };
		409227362A838817008B14F9 /* CustomLeeTests.swift */ = {isa = PBXFileReference; lastKnownFileType = sourcecode.swift; path = CustomLeeTests.swift; sourceTree = "<group>"; };
		409227382A8388CD008B14F9 /* ExtensionTests.swift */ = {isa = PBXFileReference; lastKnownFileType = sourcecode.swift; path = ExtensionTests.swift; sourceTree = "<group>"; };
		4092273A2A8389CC008B14F9 /* NeedleTests.swift */ = {isa = PBXFileReference; lastKnownFileType = sourcecode.swift; path = NeedleTests.swift; sourceTree = "<group>"; };
		4092273C2A838AD9008B14F9 /* NeedleMockComponent.swift */ = {isa = PBXFileReference; lastKnownFileType = sourcecode.swift; path = NeedleMockComponent.swift; sourceTree = "<group>"; };
		40F63C7A2A8F41640066813E /* BastardUseCase.swift */ = {isa = PBXFileReference; lastKnownFileType = sourcecode.swift; path = BastardUseCase.swift; sourceTree = "<group>"; };
		40F63C7C2A8F41BE0066813E /* BastardTests.swift */ = {isa = PBXFileReference; lastKnownFileType = sourcecode.swift; path = BastardTests.swift; sourceTree = "<group>"; };
/* End PBXFileReference section */

/* Begin PBXFrameworksBuildPhase section */
		4023E20A2A81EB3A001F1669 /* Frameworks */ = {
			isa = PBXFrameworksBuildPhase;
			buildActionMask = 2147483647;
			files = (
				4023E23F2A8213C0001F1669 /* NeedleFoundation in Frameworks */,
				4023E23C2A820CDA001F1669 /* Swinject in Frameworks */,
			);
			runOnlyForDeploymentPostprocessing = 0;
		};
		4023E21A2A81EB3C001F1669 /* Frameworks */ = {
			isa = PBXFrameworksBuildPhase;
			buildActionMask = 2147483647;
			files = (
			);
			runOnlyForDeploymentPostprocessing = 0;
		};
/* End PBXFrameworksBuildPhase section */

/* Begin PBXGroup section */
		4023E2042A81EB3A001F1669 = {
			isa = PBXGroup;
			children = (
				4023E20F2A81EB3A001F1669 /* DIExample */,
				4023E2202A81EB3C001F1669 /* DIExampleTests */,
				4023E20E2A81EB3A001F1669 /* Products */,
			);
			sourceTree = "<group>";
		};
		4023E20E2A81EB3A001F1669 /* Products */ = {
			isa = PBXGroup;
			children = (
				4023E20D2A81EB3A001F1669 /* DIExample.app */,
				4023E21D2A81EB3C001F1669 /* DIExampleTests.xctest */,
			);
			name = Products;
			sourceTree = "<group>";
		};
		4023E20F2A81EB3A001F1669 /* DIExample */ = {
			isa = PBXGroup;
			children = (
				4023E2612A8229C0001F1669 /* Info.plist */,
				40F63C792A8F41540066813E /* Bastard */,
				4023E2422A821746001F1669 /* Simple */,
				4023E2402A8216F7001F1669 /* Swinject */,
				4092271C2A83701E008B14F9 /* SwiftLee */,
				409227292A837630008B14F9 /* CustomLee */,
				4023E2582A822325001F1669 /* Extension */,
				4023E2572A8222D3001F1669 /* Needle */,
				4023E2102A81EB3A001F1669 /* DIExampleApp.swift */,
				4023E2122A81EB3A001F1669 /* ContentView.swift */,
				4023E2432A82180F001F1669 /* FooRepository.swift */,
				4023E2492A8219BE001F1669 /* FooUseCase.swift */,
				4023E2142A81EB3B001F1669 /* Assets.xcassets */,
				4023E2162A81EB3B001F1669 /* Preview Content */,
				4023E24F2A821F16001F1669 /* AppDelegate.swift */,
			);
			path = DIExample;
			sourceTree = "<group>";
		};
		4023E2162A81EB3B001F1669 /* Preview Content */ = {
			isa = PBXGroup;
			children = (
				4023E2172A81EB3B001F1669 /* Preview Assets.xcassets */,
			);
			path = "Preview Content";
			sourceTree = "<group>";
		};
		4023E2202A81EB3C001F1669 /* DIExampleTests */ = {
			isa = PBXGroup;
			children = (
				409227162A836CC8008B14F9 /* SimpleTests.swift */,
				409227182A836D64008B14F9 /* SwinjectTests.swift */,
				409227342A83876F008B14F9 /* SwiftLeeTests.swift */,
				409227362A838817008B14F9 /* CustomLeeTests.swift */,
				409227382A8388CD008B14F9 /* ExtensionTests.swift */,
				4092273A2A8389CC008B14F9 /* NeedleTests.swift */,
				40F63C7C2A8F41BE0066813E /* BastardTests.swift */,
			);
			path = DIExampleTests;
			sourceTree = "<group>";
		};
		4023E2402A8216F7001F1669 /* Swinject */ = {
			isa = PBXGroup;
			children = (
				409227322A83815A008B14F9 /* SwinjectContainer.swift */,
				4023E24B2A821A4C001F1669 /* SwinjectUseCase.swift */,
				409227102A8284C1008B14F9 /* SwinjectDependency.swift */,
			);
			path = Swinject;
			sourceTree = "<group>";
		};
		4023E2422A821746001F1669 /* Simple */ = {
			isa = PBXGroup;
			children = (
				4023E25D2A822515001F1669 /* SimpleContainer.swift */,
				4092270E2A828127008B14F9 /* SimpleDependency.swift */,
				4023E2472A8218BB001F1669 /* SimpleUseCase.swift */,
			);
			path = Simple;
			sourceTree = "<group>";
		};
		4023E2572A8222D3001F1669 /* Needle */ = {
			isa = PBXGroup;
			children = (
				4023E2672A8231FA001F1669 /* NeedleGenerated.swift */,
				4023E2692A823454001F1669 /* NeedleComponent.swift */,
				4092273C2A838AD9008B14F9 /* NeedleMockComponent.swift */,
				4023E2642A822DCE001F1669 /* NeedleDependency.swift */,
				4023E2622A822C19001F1669 /* NeedleUseCase.swift */,
			);
			path = Needle;
			sourceTree = "<group>";
		};
		4023E2582A822325001F1669 /* Extension */ = {
			isa = PBXGroup;
			children = (
				4023E25B2A8223F2001F1669 /* ExtensionContainer.swift */,
				4023E25F2A822673001F1669 /* ExtensionInjector.swift */,
				4023E2592A822384001F1669 /* ExtensionUseCase.swift */,
				409227122A8285AD008B14F9 /* ExtensionDependency.swift */,
			);
			path = Extension;
			sourceTree = "<group>";
		};
		4092271C2A83701E008B14F9 /* SwiftLee */ = {
			isa = PBXGroup;
			children = (
				4092271D2A83704F008B14F9 /* SwiftLeeContainer.swift */,
				4092271F2A8370B3008B14F9 /* SwiftLeeInjector.swift */,
				409227232A83719A008B14F9 /* SwiftLeeDependency.swift */,
				409227252A83740F008B14F9 /* SwiftLeeUseCase.swift */,
			);
			path = SwiftLee;
			sourceTree = "<group>";
		};
		409227292A837630008B14F9 /* CustomLee */ = {
			isa = PBXGroup;
			children = (
				4092272A2A83764B008B14F9 /* CustomLeeContainer.swift */,
				4092272C2A837AD1008B14F9 /* CustomLeeInjector.swift */,
				4092272E2A837B44008B14F9 /* CustomLeeDependency.swift */,
				409227302A837EC8008B14F9 /* CustomLeeUseCase.swift */,
			);
			path = CustomLee;
			sourceTree = "<group>";
		};
		40F63C792A8F41540066813E /* Bastard */ = {
			isa = PBXGroup;
			children = (
				40F63C7A2A8F41640066813E /* BastardUseCase.swift */,
			);
			path = Bastard;
			sourceTree = "<group>";
		};
/* End PBXGroup section */

/* Begin PBXNativeTarget section */
		4023E20C2A81EB3A001F1669 /* DIExample */ = {
			isa = PBXNativeTarget;
			buildConfigurationList = 4023E2312A81EB3C001F1669 /* Build configuration list for PBXNativeTarget "DIExample" */;
			buildPhases = (
				4023E2662A823064001F1669 /* Run Script (Needle) */,
				4023E2092A81EB3A001F1669 /* Sources */,
				4023E20A2A81EB3A001F1669 /* Frameworks */,
				4023E20B2A81EB3A001F1669 /* Resources */,
			);
			buildRules = (
			);
			dependencies = (
			);
			name = DIExample;
			packageProductDependencies = (
				4023E23B2A820CDA001F1669 /* Swinject */,
				4023E23E2A8213C0001F1669 /* NeedleFoundation */,
			);
			productName = DIExample;
			productReference = 4023E20D2A81EB3A001F1669 /* DIExample.app */;
			productType = "com.apple.product-type.application";
		};
		4023E21C2A81EB3C001F1669 /* DIExampleTests */ = {
			isa = PBXNativeTarget;
			buildConfigurationList = 4023E2342A81EB3C001F1669 /* Build configuration list for PBXNativeTarget "DIExampleTests" */;
			buildPhases = (
				4023E2192A81EB3C001F1669 /* Sources */,
				4023E21A2A81EB3C001F1669 /* Frameworks */,
				4023E21B2A81EB3C001F1669 /* Resources */,
			);
			buildRules = (
			);
			dependencies = (
				4023E21F2A81EB3C001F1669 /* PBXTargetDependency */,
			);
			name = DIExampleTests;
			productName = DIExampleTests;
			productReference = 4023E21D2A81EB3C001F1669 /* DIExampleTests.xctest */;
			productType = "com.apple.product-type.bundle.unit-test";
		};
/* End PBXNativeTarget section */

/* Begin PBXProject section */
		4023E2052A81EB3A001F1669 /* Project object */ = {
			isa = PBXProject;
			attributes = {
				BuildIndependentTargetsInParallel = 1;
				LastSwiftUpdateCheck = 1420;
				LastUpgradeCheck = 1420;
				TargetAttributes = {
					4023E20C2A81EB3A001F1669 = {
						CreatedOnToolsVersion = 14.2;
					};
					4023E21C2A81EB3C001F1669 = {
						CreatedOnToolsVersion = 14.2;
						TestTargetID = 4023E20C2A81EB3A001F1669;
					};
				};
			};
			buildConfigurationList = 4023E2082A81EB3A001F1669 /* Build configuration list for PBXProject "DIExample" */;
			compatibilityVersion = "Xcode 14.0";
			developmentRegion = en;
			hasScannedForEncodings = 0;
			knownRegions = (
				en,
				Base,
			);
			mainGroup = 4023E2042A81EB3A001F1669;
			packageReferences = (
				4023E23A2A820CDA001F1669 /* XCRemoteSwiftPackageReference "Swinject" */,
				4023E23D2A8213C0001F1669 /* XCRemoteSwiftPackageReference "needle" */,
			);
			productRefGroup = 4023E20E2A81EB3A001F1669 /* Products */;
			projectDirPath = "";
			projectRoot = "";
			targets = (
				4023E20C2A81EB3A001F1669 /* DIExample */,
				4023E21C2A81EB3C001F1669 /* DIExampleTests */,
			);
		};
/* End PBXProject section */

/* Begin PBXResourcesBuildPhase section */
		4023E20B2A81EB3A001F1669 /* Resources */ = {
			isa = PBXResourcesBuildPhase;
			buildActionMask = 2147483647;
			files = (
				4023E2182A81EB3B001F1669 /* Preview Assets.xcassets in Resources */,
				4023E2152A81EB3B001F1669 /* Assets.xcassets in Resources */,
			);
			runOnlyForDeploymentPostprocessing = 0;
		};
		4023E21B2A81EB3C001F1669 /* Resources */ = {
			isa = PBXResourcesBuildPhase;
			buildActionMask = 2147483647;
			files = (
			);
			runOnlyForDeploymentPostprocessing = 0;
		};
/* End PBXResourcesBuildPhase section */

/* Begin PBXShellScriptBuildPhase section */
		4023E2662A823064001F1669 /* Run Script (Needle) */ = {
			isa = PBXShellScriptBuildPhase;
			buildActionMask = 2147483647;
			files = (
			);
			inputFileListPaths = (
			);
			inputPaths = (
			);
			name = "Run Script (Needle)";
			outputFileListPaths = (
			);
			outputPaths = (
			);
			runOnlyForDeploymentPostprocessing = 0;
			shellPath = /bin/sh;
			shellScript = "# Needleのコードを自動生成するためのスクリプト\n# CLIをインストールしないと実行できずエラーになるのでコメントアウトしている\n\n#if [ $(uname -m) = \"arm64\" ]; then\n#  export PATH=\"/opt/homebrew/bin:/opt/homebrew/sbin:${PATH+:$PATH}\";\n#fi\n#export SOURCEKIT_LOGGING=0 && needle generate DIExample/Needle/NeedleGenerated.swift DIExample/\n";
		};
/* End PBXShellScriptBuildPhase section */

/* Begin PBXSourcesBuildPhase section */
		4023E2092A81EB3A001F1669 /* Sources */ = {
			isa = PBXSourcesBuildPhase;
			buildActionMask = 2147483647;
			files = (
				4023E2502A821F16001F1669 /* AppDelegate.swift in Sources */,
				4092272D2A837AD1008B14F9 /* CustomLeeInjector.swift in Sources */,
				409227262A83740F008B14F9 /* SwiftLeeUseCase.swift in Sources */,
				409227242A83719A008B14F9 /* SwiftLeeDependency.swift in Sources */,
				4023E25A2A822384001F1669 /* ExtensionUseCase.swift in Sources */,
				409227332A83815A008B14F9 /* SwinjectContainer.swift in Sources */,
				409227312A837EC8008B14F9 /* CustomLeeUseCase.swift in Sources */,
				4023E24C2A821A4C001F1669 /* SwinjectUseCase.swift in Sources */,
				409227112A8284C1008B14F9 /* SwinjectDependency.swift in Sources */,
				4092272B2A83764B008B14F9 /* CustomLeeContainer.swift in Sources */,
				4092270F2A828127008B14F9 /* SimpleDependency.swift in Sources */,
				4023E26A2A823454001F1669 /* NeedleComponent.swift in Sources */,
				4023E2132A81EB3A001F1669 /* ContentView.swift in Sources */,
				4023E2632A822C19001F1669 /* NeedleUseCase.swift in Sources */,
				4092273D2A838AD9008B14F9 /* NeedleMockComponent.swift in Sources */,
				4023E2652A822DCE001F1669 /* NeedleDependency.swift in Sources */,
				4023E24A2A8219BE001F1669 /* FooUseCase.swift in Sources */,
				409227132A8285AD008B14F9 /* ExtensionDependency.swift in Sources */,
				4023E2442A82180F001F1669 /* FooRepository.swift in Sources */,
				4023E2482A8218BB001F1669 /* SimpleUseCase.swift in Sources */,
				4023E2602A822673001F1669 /* ExtensionInjector.swift in Sources */,
				4092272F2A837B44008B14F9 /* CustomLeeDependency.swift in Sources */,
				4092271E2A83704F008B14F9 /* SwiftLeeContainer.swift in Sources */,
				409227202A8370B3008B14F9 /* SwiftLeeInjector.swift in Sources */,
				4023E25E2A822515001F1669 /* SimpleContainer.swift in Sources */,
				4023E2682A8231FA001F1669 /* NeedleGenerated.swift in Sources */,
				40F63C7B2A8F41640066813E /* BastardUseCase.swift in Sources */,
				4023E25C2A8223F2001F1669 /* ExtensionContainer.swift in Sources */,
				4023E2112A81EB3A001F1669 /* DIExampleApp.swift in Sources */,
			);
			runOnlyForDeploymentPostprocessing = 0;
		};
		4023E2192A81EB3C001F1669 /* Sources */ = {
			isa = PBXSourcesBuildPhase;
			buildActionMask = 2147483647;
			files = (
				40F63C7D2A8F41BE0066813E /* BastardTests.swift in Sources */,
				4092273B2A8389CC008B14F9 /* NeedleTests.swift in Sources */,
				409227192A836D64008B14F9 /* SwinjectTests.swift in Sources */,
				409227172A836CC8008B14F9 /* SimpleTests.swift in Sources */,
				409227352A83876F008B14F9 /* SwiftLeeTests.swift in Sources */,
				409227392A8388CD008B14F9 /* ExtensionTests.swift in Sources */,
				409227372A838817008B14F9 /* CustomLeeTests.swift in Sources */,
			);
			runOnlyForDeploymentPostprocessing = 0;
		};
/* End PBXSourcesBuildPhase section */

/* Begin PBXTargetDependency section */
		4023E21F2A81EB3C001F1669 /* PBXTargetDependency */ = {
			isa = PBXTargetDependency;
			target = 4023E20C2A81EB3A001F1669 /* DIExample */;
			targetProxy = 4023E21E2A81EB3C001F1669 /* PBXContainerItemProxy */;
		};
/* End PBXTargetDependency section */

/* Begin XCBuildConfiguration section */
		4023E22F2A81EB3C001F1669 /* Debug */ = {
			isa = XCBuildConfiguration;
			buildSettings = {
				ALWAYS_SEARCH_USER_PATHS = NO;
				CLANG_ANALYZER_NONNULL = YES;
				CLANG_ANALYZER_NUMBER_OBJECT_CONVERSION = YES_AGGRESSIVE;
				CLANG_CXX_LANGUAGE_STANDARD = "gnu++20";
				CLANG_ENABLE_MODULES = YES;
				CLANG_ENABLE_OBJC_ARC = YES;
				CLANG_ENABLE_OBJC_WEAK = YES;
				CLANG_WARN_BLOCK_CAPTURE_AUTORELEASING = YES;
				CLANG_WARN_BOOL_CONVERSION = YES;
				CLANG_WARN_COMMA = YES;
				CLANG_WARN_CONSTANT_CONVERSION = YES;
				CLANG_WARN_DEPRECATED_OBJC_IMPLEMENTATIONS = YES;
				CLANG_WARN_DIRECT_OBJC_ISA_USAGE = YES_ERROR;
				CLANG_WARN_DOCUMENTATION_COMMENTS = YES;
				CLANG_WARN_EMPTY_BODY = YES;
				CLANG_WARN_ENUM_CONVERSION = YES;
				CLANG_WARN_INFINITE_RECURSION = YES;
				CLANG_WARN_INT_CONVERSION = YES;
				CLANG_WARN_NON_LITERAL_NULL_CONVERSION = YES;
				CLANG_WARN_OBJC_IMPLICIT_RETAIN_SELF = YES;
				CLANG_WARN_OBJC_LITERAL_CONVERSION = YES;
				CLANG_WARN_OBJC_ROOT_CLASS = YES_ERROR;
				CLANG_WARN_QUOTED_INCLUDE_IN_FRAMEWORK_HEADER = YES;
				CLANG_WARN_RANGE_LOOP_ANALYSIS = YES;
				CLANG_WARN_STRICT_PROTOTYPES = YES;
				CLANG_WARN_SUSPICIOUS_MOVE = YES;
				CLANG_WARN_UNGUARDED_AVAILABILITY = YES_AGGRESSIVE;
				CLANG_WARN_UNREACHABLE_CODE = YES;
				CLANG_WARN__DUPLICATE_METHOD_MATCH = YES;
				COPY_PHASE_STRIP = NO;
				DEBUG_INFORMATION_FORMAT = dwarf;
				ENABLE_STRICT_OBJC_MSGSEND = YES;
				ENABLE_TESTABILITY = YES;
				GCC_C_LANGUAGE_STANDARD = gnu11;
				GCC_DYNAMIC_NO_PIC = NO;
				GCC_NO_COMMON_BLOCKS = YES;
				GCC_OPTIMIZATION_LEVEL = 0;
				GCC_PREPROCESSOR_DEFINITIONS = (
					"DEBUG=1",
					"$(inherited)",
				);
				GCC_WARN_64_TO_32_BIT_CONVERSION = YES;
				GCC_WARN_ABOUT_RETURN_TYPE = YES_ERROR;
				GCC_WARN_UNDECLARED_SELECTOR = YES;
				GCC_WARN_UNINITIALIZED_AUTOS = YES_AGGRESSIVE;
				GCC_WARN_UNUSED_FUNCTION = YES;
				GCC_WARN_UNUSED_VARIABLE = YES;
				IPHONEOS_DEPLOYMENT_TARGET = 16.2;
				MTL_ENABLE_DEBUG_INFO = INCLUDE_SOURCE;
				MTL_FAST_MATH = YES;
				ONLY_ACTIVE_ARCH = YES;
				SDKROOT = iphoneos;
				SWIFT_ACTIVE_COMPILATION_CONDITIONS = DEBUG;
				SWIFT_OPTIMIZATION_LEVEL = "-Onone";
			};
			name = Debug;
		};
		4023E2302A81EB3C001F1669 /* Release */ = {
			isa = XCBuildConfiguration;
			buildSettings = {
				ALWAYS_SEARCH_USER_PATHS = NO;
				CLANG_ANALYZER_NONNULL = YES;
				CLANG_ANALYZER_NUMBER_OBJECT_CONVERSION = YES_AGGRESSIVE;
				CLANG_CXX_LANGUAGE_STANDARD = "gnu++20";
				CLANG_ENABLE_MODULES = YES;
				CLANG_ENABLE_OBJC_ARC = YES;
				CLANG_ENABLE_OBJC_WEAK = YES;
				CLANG_WARN_BLOCK_CAPTURE_AUTORELEASING = YES;
				CLANG_WARN_BOOL_CONVERSION = YES;
				CLANG_WARN_COMMA = YES;
				CLANG_WARN_CONSTANT_CONVERSION = YES;
				CLANG_WARN_DEPRECATED_OBJC_IMPLEMENTATIONS = YES;
				CLANG_WARN_DIRECT_OBJC_ISA_USAGE = YES_ERROR;
				CLANG_WARN_DOCUMENTATION_COMMENTS = YES;
				CLANG_WARN_EMPTY_BODY = YES;
				CLANG_WARN_ENUM_CONVERSION = YES;
				CLANG_WARN_INFINITE_RECURSION = YES;
				CLANG_WARN_INT_CONVERSION = YES;
				CLANG_WARN_NON_LITERAL_NULL_CONVERSION = YES;
				CLANG_WARN_OBJC_IMPLICIT_RETAIN_SELF = YES;
				CLANG_WARN_OBJC_LITERAL_CONVERSION = YES;
				CLANG_WARN_OBJC_ROOT_CLASS = YES_ERROR;
				CLANG_WARN_QUOTED_INCLUDE_IN_FRAMEWORK_HEADER = YES;
				CLANG_WARN_RANGE_LOOP_ANALYSIS = YES;
				CLANG_WARN_STRICT_PROTOTYPES = YES;
				CLANG_WARN_SUSPICIOUS_MOVE = YES;
				CLANG_WARN_UNGUARDED_AVAILABILITY = YES_AGGRESSIVE;
				CLANG_WARN_UNREACHABLE_CODE = YES;
				CLANG_WARN__DUPLICATE_METHOD_MATCH = YES;
				COPY_PHASE_STRIP = NO;
				DEBUG_INFORMATION_FORMAT = "dwarf-with-dsym";
				ENABLE_NS_ASSERTIONS = NO;
				ENABLE_STRICT_OBJC_MSGSEND = YES;
				GCC_C_LANGUAGE_STANDARD = gnu11;
				GCC_NO_COMMON_BLOCKS = YES;
				GCC_WARN_64_TO_32_BIT_CONVERSION = YES;
				GCC_WARN_ABOUT_RETURN_TYPE = YES_ERROR;
				GCC_WARN_UNDECLARED_SELECTOR = YES;
				GCC_WARN_UNINITIALIZED_AUTOS = YES_AGGRESSIVE;
				GCC_WARN_UNUSED_FUNCTION = YES;
				GCC_WARN_UNUSED_VARIABLE = YES;
				IPHONEOS_DEPLOYMENT_TARGET = 16.2;
				MTL_ENABLE_DEBUG_INFO = NO;
				MTL_FAST_MATH = YES;
				SDKROOT = iphoneos;
				SWIFT_COMPILATION_MODE = wholemodule;
				SWIFT_OPTIMIZATION_LEVEL = "-O";
				VALIDATE_PRODUCT = YES;
			};
			name = Release;
		};
		4023E2322A81EB3C001F1669 /* Debug */ = {
			isa = XCBuildConfiguration;
			buildSettings = {
				ASSETCATALOG_COMPILER_APPICON_NAME = AppIcon;
				ASSETCATALOG_COMPILER_GLOBAL_ACCENT_COLOR_NAME = AccentColor;
				CODE_SIGN_STYLE = Automatic;
				CURRENT_PROJECT_VERSION = 1;
				DEVELOPMENT_ASSET_PATHS = "\"DIExample/Preview Content\"";
				ENABLE_PREVIEWS = YES;
				GENERATE_INFOPLIST_FILE = YES;
				INFOPLIST_FILE = DIExample/Info.plist;
				INFOPLIST_KEY_UIApplicationSupportsIndirectInputEvents = YES;
				INFOPLIST_KEY_UILaunchScreen_Generation = YES;
				INFOPLIST_KEY_UISupportedInterfaceOrientations_iPad = "UIInterfaceOrientationPortrait UIInterfaceOrientationPortraitUpsideDown UIInterfaceOrientationLandscapeLeft UIInterfaceOrientationLandscapeRight";
				INFOPLIST_KEY_UISupportedInterfaceOrientations_iPhone = "UIInterfaceOrientationPortrait UIInterfaceOrientationLandscapeLeft UIInterfaceOrientationLandscapeRight";
				LD_RUNPATH_SEARCH_PATHS = (
					"$(inherited)",
					"@executable_path/Frameworks",
				);
				MARKETING_VERSION = 1.0;
				PRODUCT_BUNDLE_IDENTIFIER = jp.co.altonotes.DIExample;
				PRODUCT_NAME = "$(TARGET_NAME)";
				SWIFT_EMIT_LOC_STRINGS = YES;
				SWIFT_VERSION = 5.0;
				TARGETED_DEVICE_FAMILY = "1,2";
			};
			name = Debug;
		};
		4023E2332A81EB3C001F1669 /* Release */ = {
			isa = XCBuildConfiguration;
			buildSettings = {
				ASSETCATALOG_COMPILER_APPICON_NAME = AppIcon;
				ASSETCATALOG_COMPILER_GLOBAL_ACCENT_COLOR_NAME = AccentColor;
				CODE_SIGN_STYLE = Automatic;
				CURRENT_PROJECT_VERSION = 1;
				DEVELOPMENT_ASSET_PATHS = "\"DIExample/Preview Content\"";
				ENABLE_PREVIEWS = YES;
				GENERATE_INFOPLIST_FILE = YES;
				INFOPLIST_FILE = DIExample/Info.plist;
				INFOPLIST_KEY_UIApplicationSupportsIndirectInputEvents = YES;
				INFOPLIST_KEY_UILaunchScreen_Generation = YES;
				INFOPLIST_KEY_UISupportedInterfaceOrientations_iPad = "UIInterfaceOrientationPortrait UIInterfaceOrientationPortraitUpsideDown UIInterfaceOrientationLandscapeLeft UIInterfaceOrientationLandscapeRight";
				INFOPLIST_KEY_UISupportedInterfaceOrientations_iPhone = "UIInterfaceOrientationPortrait UIInterfaceOrientationLandscapeLeft UIInterfaceOrientationLandscapeRight";
				LD_RUNPATH_SEARCH_PATHS = (
					"$(inherited)",
					"@executable_path/Frameworks",
				);
				MARKETING_VERSION = 1.0;
				PRODUCT_BUNDLE_IDENTIFIER = jp.co.altonotes.DIExample;
				PRODUCT_NAME = "$(TARGET_NAME)";
				SWIFT_EMIT_LOC_STRINGS = YES;
				SWIFT_VERSION = 5.0;
				TARGETED_DEVICE_FAMILY = "1,2";
			};
			name = Release;
		};
		4023E2352A81EB3C001F1669 /* Debug */ = {
			isa = XCBuildConfiguration;
			buildSettings = {
				ALWAYS_EMBED_SWIFT_STANDARD_LIBRARIES = YES;
				BUNDLE_LOADER = "$(TEST_HOST)";
				CODE_SIGN_STYLE = Automatic;
				CURRENT_PROJECT_VERSION = 1;
				GENERATE_INFOPLIST_FILE = YES;
				IPHONEOS_DEPLOYMENT_TARGET = 16.2;
				MARKETING_VERSION = 1.0;
				PRODUCT_BUNDLE_IDENTIFIER = jp.co.altonotes.DIExampleTests;
				PRODUCT_NAME = "$(TARGET_NAME)";
				SWIFT_EMIT_LOC_STRINGS = NO;
				SWIFT_VERSION = 5.0;
				TARGETED_DEVICE_FAMILY = "1,2";
				TEST_HOST = "$(BUILT_PRODUCTS_DIR)/DIExample.app/$(BUNDLE_EXECUTABLE_FOLDER_PATH)/DIExample";
			};
			name = Debug;
		};
		4023E2362A81EB3C001F1669 /* Release */ = {
			isa = XCBuildConfiguration;
			buildSettings = {
				ALWAYS_EMBED_SWIFT_STANDARD_LIBRARIES = YES;
				BUNDLE_LOADER = "$(TEST_HOST)";
				CODE_SIGN_STYLE = Automatic;
				CURRENT_PROJECT_VERSION = 1;
				GENERATE_INFOPLIST_FILE = YES;
				IPHONEOS_DEPLOYMENT_TARGET = 16.2;
				MARKETING_VERSION = 1.0;
				PRODUCT_BUNDLE_IDENTIFIER = jp.co.altonotes.DIExampleTests;
				PRODUCT_NAME = "$(TARGET_NAME)";
				SWIFT_EMIT_LOC_STRINGS = NO;
				SWIFT_VERSION = 5.0;
				TARGETED_DEVICE_FAMILY = "1,2";
				TEST_HOST = "$(BUILT_PRODUCTS_DIR)/DIExample.app/$(BUNDLE_EXECUTABLE_FOLDER_PATH)/DIExample";
			};
			name = Release;
		};
/* End XCBuildConfiguration section */

/* Begin XCConfigurationList section */
		4023E2082A81EB3A001F1669 /* Build configuration list for PBXProject "DIExample" */ = {
			isa = XCConfigurationList;
			buildConfigurations = (
				4023E22F2A81EB3C001F1669 /* Debug */,
				4023E2302A81EB3C001F1669 /* Release */,
			);
			defaultConfigurationIsVisible = 0;
			defaultConfigurationName = Release;
		};
		4023E2312A81EB3C001F1669 /* Build configuration list for PBXNativeTarget "DIExample" */ = {
			isa = XCConfigurationList;
			buildConfigurations = (
				4023E2322A81EB3C001F1669 /* Debug */,
				4023E2332A81EB3C001F1669 /* Release */,
			);
			defaultConfigurationIsVisible = 0;
			defaultConfigurationName = Release;
		};
		4023E2342A81EB3C001F1669 /* Build configuration list for PBXNativeTarget "DIExampleTests" */ = {
			isa = XCConfigurationList;
			buildConfigurations = (
				4023E2352A81EB3C001F1669 /* Debug */,
				4023E2362A81EB3C001F1669 /* Release */,
			);
			defaultConfigurationIsVisible = 0;
			defaultConfigurationName = Release;
		};
/* End XCConfigurationList section */

/* Begin XCRemoteSwiftPackageReference section */
		4023E23A2A820CDA001F1669 /* XCRemoteSwiftPackageReference "Swinject" */ = {
			isa = XCRemoteSwiftPackageReference;
			repositoryURL = "https://github.com/Swinject/Swinject.git";
			requirement = {
				kind = exactVersion;
				version = 2.8.3;
			};
		};
		4023E23D2A8213C0001F1669 /* XCRemoteSwiftPackageReference "needle" */ = {
			isa = XCRemoteSwiftPackageReference;
			repositoryURL = "https://github.com/uber/needle.git";
			requirement = {
				kind = exactVersion;
				version = 0.23.0;
			};
		};
/* End XCRemoteSwiftPackageReference section */

/* Begin XCSwiftPackageProductDependency section */
		4023E23B2A820CDA001F1669 /* Swinject */ = {
			isa = XCSwiftPackageProductDependency;
			package = 4023E23A2A820CDA001F1669 /* XCRemoteSwiftPackageReference "Swinject" */;
			productName = Swinject;
		};
		4023E23E2A8213C0001F1669 /* NeedleFoundation */ = {
			isa = XCSwiftPackageProductDependency;
			package = 4023E23D2A8213C0001F1669 /* XCRemoteSwiftPackageReference "needle" */;
			productName = NeedleFoundation;
		};
/* End XCSwiftPackageProductDependency section */
	};
	rootObject = 4023E2052A81EB3A001F1669 /* Project object */;
}
